# This file was autogenerated by Stack.
# You should not edit this file by hand.
# For more information, please see the documentation at:
#   https://docs.haskellstack.org/en/stable/lock_files

packages:
- completed:
    hackage: bitwise-1.0.0.1@sha256:36efc93d2dc8af501a1c1d06916452ca8caec770969385c4787d33241ce8b14a,3110
    pantry-tree:
      sha256: 0debee8b373b64b587a90c9380302c37d5bd9b066cf4c2873b3a5818c3690b59
      size: 760
  original:
    hackage: bitwise-1.0.0.1
- completed:
    hackage: bv-sized-1.0.5@sha256:7f8d87497711de73ee087915e3f05f66060c9b875f3deec85edc8ff7cdd6e2a0,2095
    pantry-tree:
      sha256: 878632b918435eb8bbb70b2975eebf4f402ba999be06d5136cf5da38da613683
      size: 709
  original:
    hackage: bv-sized-1.0.5
- completed:
    hackage: config-value-0.8.3@sha256:570fb6583bfa37aa89e0642366b4f80b65b084d83b79c5158b479e62125f3d95,1983
    pantry-tree:
      sha256: ae74b05b26bb82df94f6e2cfc657f149445d76eb79c0b146af85349d32d825b6
      size: 1034
  original:
    hackage: config-value-0.8.3
- completed:
    hackage: language-c99-0.2.0@sha256:660689db3191edf6164b6e1a00f700bd8d3ebc46dde87c26ad975fd0edbb9953,1587
    pantry-tree:
      sha256: 2cd4138363d171c8d1d5995e4fe6022adc1c940874bcca5b07b129af923d33e8
      size: 399
  original:
    hackage: language-c99-0.2.0
- completed:
    hackage: language-c99-simple-0.2.3@sha256:a58208cdb80dbccc605441f6da45b42e58cf9f930a112bcc5eea187922a320d3,1540
    pantry-tree:
      sha256: c294bfa07d2bb2e59f03c31850611aa1f66cf3793a94714665772e9e04eeb7ad
      size: 574
  original:
    hackage: language-c99-simple-0.2.3
- completed:
    hackage: language-c99-util-0.2.0@sha256:a46f27692e8d56645a4c9cc6faf530346d35f17002cede64372f025b8d3a57cf,1230
    pantry-tree:
      sha256: 14e0c8c5cf3ee252551efacbc551e5f8c8bab413481c17bc7b85f4dafe478c1d
      size: 489
  original:
    hackage: language-c99-util-0.2.0
- completed:
    hackage: panic-0.4.0.1@sha256:fb46577c9e0ca38c37960572f958a8469f2b577e963ed4f3ea1904d8400d828b,702
    pantry-tree:
      sha256: 2f4a32588a5935a4d58ee50ae2b83cd5be25b1a1b814dbd2c6a9451248c32b4a
      size: 252
  original:
    hackage: panic-0.4.0.1
- completed:
    hackage: parameterized-utils-2.1.7.0@sha256:c083eb4662f7a8235d7ef6e081823512d94ab4aaaa8a3e4d2c9aaf7d4ccd37df,4611
    pantry-tree:
      sha256: 384e330e1bfa2f71eb31f624d9425d49b905656766b9cbcb451a0bdea4c028bf
      size: 3642
  original:
    hackage: parameterized-utils-2.1.7.0
- completed:
    hackage: s-cargot-0.1.6.0@sha256:cc48d07c098c6fe97df1ac2b8f417faf40282b3e518191d401371e0c1c95acc3,3616
    pantry-tree:
      sha256: 7cd602652672ee316c830696590faa72f68076b4e1ea7744caaa85103a39c7e4
      size: 1467
  original:
    hackage: s-cargot-0.1.6.0
- completed:
    hackage: what4-1.5.1@sha256:74813c9b8d1fadf1b8da045817c29eb882b745779d36a5270e3eeb28504904dc,10631
    pantry-tree:
      sha256: b543c425dc18b8401ac91bbec81d9dc469d1785c606867c8a4ddf2d2cb0b82c5
      size: 10026
  original:
    hackage: what4-1.5.1
- completed:
    hackage: zenc-0.1.2@sha256:2b32c40a3c11f07f466604526aacad2a535309da11b203334dbf586333c13534,1350
    pantry-tree:
      sha256: e33b84b5528779e4d5c0887b88ebdb0290902ba4367ed786dfc366b29d485d81
      size: 302
  original:
    hackage: zenc-0.1.2
snapshots:
- completed:
    sha256: a81fb3877c4f9031e1325eb3935122e608d80715dc16b586eb11ddbff8671ecd
    size: 640086
    url: https://raw.githubusercontent.com/commercialhaskell/stackage-snapshots/master/lts/21/25.yaml
  original: lts-21.25
